
Microsoft Visual Studio Solution File, Format Version 12.00
# Visual Studio Version 17
VisualStudioVersion = 17.4.33213.308
MinimumVisualStudioVersion = 10.0.40219.1
Project("{9A19103F-16F7-4668-BE54-9A1E7A4F7556}") = "JsonReader", "JsonReader.csproj", "{A99DCDB7-1475-47BC-AD78-A9E7EBE267C7}"
EndProject
Project("{2150E333-8FDC-42A3-9474-1A3956D46DE8}") = "Solution Items", "Solution Items", "{1D11EAB0-5A11-4395-A9A6-489EFE437FE9}"
	ProjectSection(SolutionItems) = preProject
		.editorconfig = .editorconfig
	EndProjectSection
EndProject
Global
	GlobalSection(SolutionConfigurationPlatforms) = preSolution
		Debug|Any CPU = Debug|Any CPU
		Release|Any CPU = Release|Any CPU
	EndGlobalSection
	GlobalSection(ProjectConfigurationPlatforms) = postSolution
		{A99DCDB7-1475-47BC-AD78-A9E7EBE267C7}.Debug|Any CPU.ActiveCfg = Debug|Any CPU
		{A99DCDB7-1475-47BC-AD78-A9E7EBE267C7}.Debug|Any CPU.Build.0 = Debug|Any CPU
		{A99DCDB7-1475-47BC-AD78-A9E7EBE267C7}.Release|Any CPU.ActiveCfg = Release|Any CPU
		{A99DCDB7-1475-47BC-AD78-A9E7EBE267C7}.Release|Any CPU.Build.0 = Release|Any CPU
	EndGlobalSection
	GlobalSection(SolutionProperties) = preSolution
		HideSolutionNode = FALSE
	EndGlobalSection
	GlobalSection(ExtensibilityGlobals) = postSolution
		SolutionGuid = {34888F72-24B1-4F30-9208-CFD5D2EECFBA}
	EndGlobalSection
EndGlobal
